// !$*UTF8*$!
{
	archiveVersion = 1;
	classes = {
	};
	objectVersion = 77;
	objects = {

/* Begin PBXBuildFile section */
		FF8401C02CA3DBAD00B29875 /* GRPC in Frameworks */ = {isa = PBXBuildFile; productRef = FF8401BF2CA3DBAD00B29875 /* GRPC */; };
/* End PBXBuildFile section */

/* Begin PBXContainerItemProxy section */
		FF8401912CA3CF5400B29875 /* PBXContainerItemProxy */ = {
			isa = PBXContainerItemProxy;
			containerPortal = FF8401782CA3CF5200B29875 /* Project object */;
			proxyType = 1;
			remoteGlobalIDString = FF84017F2CA3CF5200B29875;
			remoteInfo = ClientAgendaRPC;
		};
		FF84019B2CA3CF5400B29875 /* PBXContainerItemProxy */ = {
			isa = PBXContainerItemProxy;
			containerPortal = FF8401782CA3CF5200B29875 /* Project object */;
			proxyType = 1;
			remoteGlobalIDString = FF84017F2CA3CF5200B29875;
			remoteInfo = ClientAgendaRPC;
		};
/* End PBXContainerItemProxy section */

/* Begin PBXFileReference section */
		FF8401802CA3CF5200B29875 /* ClientAgendaRPC.app */ = {isa = PBXFileReference; explicitFileType = wrapper.application; includeInIndex = 0; path = ClientAgendaRPC.app; sourceTree = BUILT_PRODUCTS_DIR; };
		FF8401902CA3CF5400B29875 /* ClientAgendaRPCTests.xctest */ = {isa = PBXFileReference; explicitFileType = wrapper.cfbundle; includeInIndex = 0; path = ClientAgendaRPCTests.xctest; sourceTree = BUILT_PRODUCTS_DIR; };
		FF84019A2CA3CF5400B29875 /* ClientAgendaRPCUITests.xctest */ = {isa = PBXFileReference; explicitFileType = wrapper.cfbundle; includeInIndex = 0; path = ClientAgendaRPCUITests.xctest; sourceTree = BUILT_PRODUCTS_DIR; };
/* End PBXFileReference section */

/* Begin PBXFileSystemSynchronizedRootGroup section */
		FF8401822CA3CF5200B29875 /* ClientAgendaRPC */ = {
			isa = PBXFileSystemSynchronizedRootGroup;
			path = ClientAgendaRPC;
			sourceTree = "<group>";
		};
		FF8401932CA3CF5400B29875 /* ClientAgendaRPCTests */ = {
			isa = PBXFileSystemSynchronizedRootGroup;
			path = ClientAgendaRPCTests;
			sourceTree = "<group>";
		};
		FF84019D2CA3CF5400B29875 /* ClientAgendaRPCUITests */ = {
			isa = PBXFileSystemSynchronizedRootGroup;
			path = ClientAgendaRPCUITests;
			sourceTree = "<group>";
		};
/* End PBXFileSystemSynchronizedRootGroup section */

/* Begin PBXFrameworksBuildPhase section */
		FF84017D2CA3CF5200B29875 /* Frameworks */ = {
			isa = PBXFrameworksBuildPhase;
			buildActionMask = 2147483647;
			files = (
				FF8401C02CA3DBAD00B29875 /* GRPC in Frameworks */,
			);
			runOnlyForDeploymentPostprocessing = 0;
		};
		FF84018D2CA3CF5400B29875 /* Frameworks */ = {
			isa = PBXFrameworksBuildPhase;
			buildActionMask = 2147483647;
			files = (
			);
			runOnlyForDeploymentPostprocessing = 0;
		};
		FF8401972CA3CF5400B29875 /* Frameworks */ = {
			isa = PBXFrameworksBuildPhase;
			buildActionMask = 2147483647;
			files = (
			);
			runOnlyForDeploymentPostprocessing = 0;
		};
/* End PBXFrameworksBuildPhase section */

/* Begin PBXGroup section */
		FF8401772CA3CF5200B29875 = {
			isa = PBXGroup;
			children = (
				FF8401822CA3CF5200B29875 /* ClientAgendaRPC */,
				FF8401932CA3CF5400B29875 /* ClientAgendaRPCTests */,
				FF84019D2CA3CF5400B29875 /* ClientAgendaRPCUITests */,
				FF8401812CA3CF5200B29875 /* Products */,
			);
			sourceTree = "<group>";
		};
		FF8401812CA3CF5200B29875 /* Products */ = {
			isa = PBXGroup;
			children = (
				FF8401802CA3CF5200B29875 /* ClientAgendaRPC.app */,
				FF8401902CA3CF5400B29875 /* ClientAgendaRPCTests.xctest */,
				FF84019A2CA3CF5400B29875 /* ClientAgendaRPCUITests.xctest */,
			);
			name = Products;
			sourceTree = "<group>";
		};
/* End PBXGroup section */

/* Begin PBXNativeTarget section */
		FF84017F2CA3CF5200B29875 /* ClientAgendaRPC */ = {
			isa = PBXNativeTarget;
			buildConfigurationList = FF8401A42CA3CF5400B29875 /* Build configuration list for PBXNativeTarget "ClientAgendaRPC" */;
			buildPhases = (
				FF84017C2CA3CF5200B29875 /* Sources */,
				FF84017D2CA3CF5200B29875 /* Frameworks */,
				FF84017E2CA3CF5200B29875 /* Resources */,
			);
			buildRules = (
			);
			dependencies = (
			);
			fileSystemSynchronizedGroups = (
				FF8401822CA3CF5200B29875 /* ClientAgendaRPC */,
			);
			name = ClientAgendaRPC;
			packageProductDependencies = (
				FF8401BF2CA3DBAD00B29875 /* GRPC */,
			);
			productName = ClientAgendaRPC;
			productReference = FF8401802CA3CF5200B29875 /* ClientAgendaRPC.app */;
			productType = "com.apple.product-type.application";
		};
		FF84018F2CA3CF5400B29875 /* ClientAgendaRPCTests */ = {
			isa = PBXNativeTarget;
			buildConfigurationList = FF8401A72CA3CF5400B29875 /* Build configuration list for PBXNativeTarget "ClientAgendaRPCTests" */;
			buildPhases = (
				FF84018C2CA3CF5400B29875 /* Sources */,
				FF84018D2CA3CF5400B29875 /* Frameworks */,
				FF84018E2CA3CF5400B29875 /* Resources */,
			);
			buildRules = (
			);
			dependencies = (
				FF8401922CA3CF5400B29875 /* PBXTargetDependency */,
			);
			fileSystemSynchronizedGroups = (
				FF8401932CA3CF5400B29875 /* ClientAgendaRPCTests */,
			);
			name = ClientAgendaRPCTests;
			packageProductDependencies = (
			);
			productName = ClientAgendaRPCTests;
			productReference = FF8401902CA3CF5400B29875 /* ClientAgendaRPCTests.xctest */;
			productType = "com.apple.product-type.bundle.unit-test";
		};
		FF8401992CA3CF5400B29875 /* ClientAgendaRPCUITests */ = {
			isa = PBXNativeTarget;
			buildConfigurationList = FF8401AA2CA3CF5400B29875 /* Build configuration list for PBXNativeTarget "ClientAgendaRPCUITests" */;
			buildPhases = (
				FF8401962CA3CF5400B29875 /* Sources */,
				FF8401972CA3CF5400B29875 /* Frameworks */,
				FF8401982CA3CF5400B29875 /* Resources */,
			);
			buildRules = (
			);
			dependencies = (
				FF84019C2CA3CF5400B29875 /* PBXTargetDependency */,
			);
			fileSystemSynchronizedGroups = (
				FF84019D2CA3CF5400B29875 /* ClientAgendaRPCUITests */,
			);
			name = ClientAgendaRPCUITests;
			packageProductDependencies = (
			);
			productName = ClientAgendaRPCUITests;
			productReference = FF84019A2CA3CF5400B29875 /* ClientAgendaRPCUITests.xctest */;
			productType = "com.apple.product-type.bundle.ui-testing";
		};
/* End PBXNativeTarget section */

/* Begin PBXProject section */
		FF8401782CA3CF5200B29875 /* Project object */ = {
			isa = PBXProject;
			attributes = {
				BuildIndependentTargetsInParallel = 1;
				LastSwiftUpdateCheck = 1600;
				LastUpgradeCheck = 1600;
				TargetAttributes = {
					FF84017F2CA3CF5200B29875 = {
						CreatedOnToolsVersion = 16.0;
					};
					FF84018F2CA3CF5400B29875 = {
						CreatedOnToolsVersion = 16.0;
						TestTargetID = FF84017F2CA3CF5200B29875;
					};
					FF8401992CA3CF5400B29875 = {
						CreatedOnToolsVersion = 16.0;
						TestTargetID = FF84017F2CA3CF5200B29875;
					};
				};
			};
			buildConfigurationList = FF84017B2CA3CF5200B29875 /* Build configuration list for PBXProject "ClientAgendaRPC" */;
			developmentRegion = en;
			hasScannedForEncodings = 0;
			knownRegions = (
				en,
				Base,
			);
			mainGroup = FF8401772CA3CF5200B29875;
			minimizedProjectReferenceProxies = 1;
			packageReferences = (
				FF8401BE2CA3DBAD00B29875 /* XCRemoteSwiftPackageReference "grpc-swift" */,
			);
			preferredProjectObjectVersion = 77;
			productRefGroup = FF8401812CA3CF5200B29875 /* Products */;
			projectDirPath = "";
			projectRoot = "";
			targets = (
				FF84017F2CA3CF5200B29875 /* ClientAgendaRPC */,
				FF84018F2CA3CF5400B29875 /* ClientAgendaRPCTests */,
				FF8401992CA3CF5400B29875 /* ClientAgendaRPCUITests */,
			);
		};
/* End PBXProject section */

/* Begin PBXResourcesBuildPhase section */
		FF84017E2CA3CF5200B29875 /* Resources */ = {
			isa = PBXResourcesBuildPhase;
			buildActionMask = 2147483647;
			files = (
			);
			runOnlyForDeploymentPostprocessing = 0;
		};
		FF84018E2CA3CF5400B29875 /* Resources */ = {
			isa = PBXResourcesBuildPhase;
			buildActionMask = 2147483647;
			files = (
			);
			runOnlyForDeploymentPostprocessing = 0;
		};
		FF8401982CA3CF5400B29875 /* Resources */ = {
			isa = PBXResourcesBuildPhase;
			buildActionMask = 2147483647;
			files = (
			);
			runOnlyForDeploymentPostprocessing = 0;
		};
/* End PBXResourcesBuildPhase section */

/* Begin PBXSourcesBuildPhase section */
		FF84017C2CA3CF5200B29875 /* Sources */ = {
			isa = PBXSourcesBuildPhase;
			buildActionMask = 2147483647;
			files = (
			);
			runOnlyForDeploymentPostprocessing = 0;
		};
		FF84018C2CA3CF5400B29875 /* Sources */ = {
			isa = PBXSourcesBuildPhase;
			buildActionMask = 2147483647;
			files = (
			);
			runOnlyForDeploymentPostprocessing = 0;
		};
		FF8401962CA3CF5400B29875 /* Sources */ = {
			isa = PBXSourcesBuildPhase;
			buildActionMask = 2147483647;
			files = (
			);
			runOnlyForDeploymentPostprocessing = 0;
		};
/* End PBXSourcesBuildPhase section */

/* Begin PBXTargetDependency section */
		FF8401922CA3CF5400B29875 /* PBXTargetDependency */ = {
			isa = PBXTargetDependency;
			target = FF84017F2CA3CF5200B29875 /* ClientAgendaRPC */;
			targetProxy = FF8401912CA3CF5400B29875 /* PBXContainerItemProxy */;
		};
		FF84019C2CA3CF5400B29875 /* PBXTargetDependency */ = {
			isa = PBXTargetDependency;
			target = FF84017F2CA3CF5200B29875 /* ClientAgendaRPC */;
			targetProxy = FF84019B2CA3CF5400B29875 /* PBXContainerItemProxy */;
		};
/* End PBXTargetDependency section */

/* Begin XCBuildConfiguration section */
		FF8401A22CA3CF5400B29875 /* Debug */ = {
			isa = XCBuildConfiguration;
			buildSettings = {
				ALWAYS_SEARCH_USER_PATHS = NO;
				ASSETCATALOG_COMPILER_GENERATE_SWIFT_ASSET_SYMBOL_EXTENSIONS = YES;
				CLANG_ANALYZER_NONNULL = YES;
				CLANG_ANALYZER_NUMBER_OBJECT_CONVERSION = YES_AGGRESSIVE;
				CLANG_CXX_LANGUAGE_STANDARD = "gnu++20";
				CLANG_ENABLE_MODULES = YES;
				CLANG_ENABLE_OBJC_ARC = YES;
				CLANG_ENABLE_OBJC_WEAK = YES;
				CLANG_WARN_BLOCK_CAPTURE_AUTORELEASING = YES;
				CLANG_WARN_BOOL_CONVERSION = YES;
				CLANG_WARN_COMMA = YES;
				CLANG_WARN_CONSTANT_CONVERSION = YES;
				CLANG_WARN_DEPRECATED_OBJC_IMPLEMENTATIONS = YES;
				CLANG_WARN_DIRECT_OBJC_ISA_USAGE = YES_ERROR;
				CLANG_WARN_DOCUMENTATION_COMMENTS = YES;
				CLANG_WARN_EMPTY_BODY = YES;
				CLANG_WARN_ENUM_CONVERSION = YES;
				CLANG_WARN_INFINITE_RECURSION = YES;
				CLANG_WARN_INT_CONVERSION = YES;
				CLANG_WARN_NON_LITERAL_NULL_CONVERSION = YES;
				CLANG_WARN_OBJC_IMPLICIT_RETAIN_SELF = YES;
				CLANG_WARN_OBJC_LITERAL_CONVERSION = YES;
				CLANG_WARN_OBJC_ROOT_CLASS = YES_ERROR;
				CLANG_WARN_QUOTED_INCLUDE_IN_FRAMEWORK_HEADER = YES;
				CLANG_WARN_RANGE_LOOP_ANALYSIS = YES;
				CLANG_WARN_STRICT_PROTOTYPES = YES;
				CLANG_WARN_SUSPICIOUS_MOVE = YES;
				CLANG_WARN_UNGUARDED_AVAILABILITY = YES_AGGRESSIVE;
				CLANG_WARN_UNREACHABLE_CODE = YES;
				CLANG_WARN__DUPLICATE_METHOD_MATCH = YES;
				COPY_PHASE_STRIP = NO;
				DEBUG_INFORMATION_FORMAT = dwarf;
				ENABLE_STRICT_OBJC_MSGSEND = YES;
				ENABLE_TESTABILITY = YES;
				ENABLE_USER_SCRIPT_SANDBOXING = YES;
				GCC_C_LANGUAGE_STANDARD = gnu17;
				GCC_DYNAMIC_NO_PIC = NO;
				GCC_NO_COMMON_BLOCKS = YES;
				GCC_OPTIMIZATION_LEVEL = 0;
				GCC_PREPROCESSOR_DEFINITIONS = (
					"DEBUG=1",
					"$(inherited)",
				);
				GCC_WARN_64_TO_32_BIT_CONVERSION = YES;
				GCC_WARN_ABOUT_RETURN_TYPE = YES_ERROR;
				GCC_WARN_UNDECLARED_SELECTOR = YES;
				GCC_WARN_UNINITIALIZED_AUTOS = YES_AGGRESSIVE;
				GCC_WARN_UNUSED_FUNCTION = YES;
				GCC_WARN_UNUSED_VARIABLE = YES;
				IPHONEOS_DEPLOYMENT_TARGET = 18.0;
				LOCALIZATION_PREFERS_STRING_CATALOGS = YES;
				MTL_ENABLE_DEBUG_INFO = INCLUDE_SOURCE;
				MTL_FAST_MATH = YES;
				ONLY_ACTIVE_ARCH = YES;
				SDKROOT = iphoneos;
				SWIFT_ACTIVE_COMPILATION_CONDITIONS = "DEBUG $(inherited)";
				SWIFT_OPTIMIZATION_LEVEL = "-Onone";
			};
			name = Debug;
		};
		FF8401A32CA3CF5400B29875 /* Release */ = {
			isa = XCBuildConfiguration;
			buildSettings = {
				ALWAYS_SEARCH_USER_PATHS = NO;
				ASSETCATALOG_COMPILER_GENERATE_SWIFT_ASSET_SYMBOL_EXTENSIONS = YES;
				CLANG_ANALYZER_NONNULL = YES;
				CLANG_ANALYZER_NUMBER_OBJECT_CONVERSION = YES_AGGRESSIVE;
				CLANG_CXX_LANGUAGE_STANDARD = "gnu++20";
				CLANG_ENABLE_MODULES = YES;
				CLANG_ENABLE_OBJC_ARC = YES;
				CLANG_ENABLE_OBJC_WEAK = YES;
				CLANG_WARN_BLOCK_CAPTURE_AUTORELEASING = YES;
				CLANG_WARN_BOOL_CONVERSION = YES;
				CLANG_WARN_COMMA = YES;
				CLANG_WARN_CONSTANT_CONVERSION = YES;
				CLANG_WARN_DEPRECATED_OBJC_IMPLEMENTATIONS = YES;
				CLANG_WARN_DIRECT_OBJC_ISA_USAGE = YES_ERROR;
				CLANG_WARN_DOCUMENTATION_COMMENTS = YES;
				CLANG_WARN_EMPTY_BODY = YES;
				CLANG_WARN_ENUM_CONVERSION = YES;
				CLANG_WARN_INFINITE_RECURSION = YES;
				CLANG_WARN_INT_CONVERSION = YES;
				CLANG_WARN_NON_LITERAL_NULL_CONVERSION = YES;
				CLANG_WARN_OBJC_IMPLICIT_RETAIN_SELF = YES;
				CLANG_WARN_OBJC_LITERAL_CONVERSION = YES;
				CLANG_WARN_OBJC_ROOT_CLASS = YES_ERROR;
				CLANG_WARN_QUOTED_INCLUDE_IN_FRAMEWORK_HEADER = YES;
				CLANG_WARN_RANGE_LOOP_ANALYSIS = YES;
				CLANG_WARN_STRICT_PROTOTYPES = YES;
				CLANG_WARN_SUSPICIOUS_MOVE = YES;
				CLANG_WARN_UNGUARDED_AVAILABILITY = YES_AGGRESSIVE;
				CLANG_WARN_UNREACHABLE_CODE = YES;
				CLANG_WARN__DUPLICATE_METHOD_MATCH = YES;
				COPY_PHASE_STRIP = NO;
				DEBUG_INFORMATION_FORMAT = "dwarf-with-dsym";
				ENABLE_NS_ASSERTIONS = NO;
				ENABLE_STRICT_OBJC_MSGSEND = YES;
				ENABLE_USER_SCRIPT_SANDBOXING = YES;
				GCC_C_LANGUAGE_STANDARD = gnu17;
				GCC_NO_COMMON_BLOCKS = YES;
				GCC_WARN_64_TO_32_BIT_CONVERSION = YES;
				GCC_WARN_ABOUT_RETURN_TYPE = YES_ERROR;
				GCC_WARN_UNDECLARED_SELECTOR = YES;
				GCC_WARN_UNINITIALIZED_AUTOS = YES_AGGRESSIVE;
				GCC_WARN_UNUSED_FUNCTION = YES;
				GCC_WARN_UNUSED_VARIABLE = YES;
				IPHONEOS_DEPLOYMENT_TARGET = 18.0;
				LOCALIZATION_PREFERS_STRING_CATALOGS = YES;
				MTL_ENABLE_DEBUG_INFO = NO;
				MTL_FAST_MATH = YES;
				SDKROOT = iphoneos;
				SWIFT_COMPILATION_MODE = wholemodule;
				VALIDATE_PRODUCT = YES;
			};
			name = Release;
		};
		FF8401A52CA3CF5400B29875 /* Debug */ = {
			isa = XCBuildConfiguration;
			buildSettings = {
				ASSETCATALOG_COMPILER_APPICON_NAME = AppIcon;
				ASSETCATALOG_COMPILER_GLOBAL_ACCENT_COLOR_NAME = AccentColor;
				CODE_SIGN_STYLE = Automatic;
				CURRENT_PROJECT_VERSION = 1;
				DEVELOPMENT_ASSET_PATHS = "\"ClientAgendaRPC/Preview Content\"";
				DEVELOPMENT_TEAM = NTS86MKTBV;
				ENABLE_PREVIEWS = YES;
				GENERATE_INFOPLIST_FILE = YES;
				INFOPLIST_KEY_UIApplicationSceneManifest_Generation = YES;
				INFOPLIST_KEY_UIApplicationSupportsIndirectInputEvents = YES;
				INFOPLIST_KEY_UILaunchScreen_Generation = YES;
				INFOPLIST_KEY_UISupportedInterfaceOrientations_iPad = "UIInterfaceOrientationPortrait UIInterfaceOrientationPortraitUpsideDown UIInterfaceOrientationLandscapeLeft UIInterfaceOrientationLandscapeRight";
				INFOPLIST_KEY_UISupportedInterfaceOrientations_iPhone = "UIInterfaceOrientationPortrait UIInterfaceOrientationLandscapeLeft UIInterfaceOrientationLandscapeRight";
				LD_RUNPATH_SEARCH_PATHS = (
					"$(inherited)",
					"@executable_path/Frameworks",
				);
				MARKETING_VERSION = 1.0;
				PRODUCT_BUNDLE_IDENTIFIER = com.beatrizlds.ClientAgendaRPC;
				PRODUCT_NAME = "$(TARGET_NAME)";
				SWIFT_EMIT_LOC_STRINGS = YES;
				SWIFT_VERSION = 5.0;
				TARGETED_DEVICE_FAMILY = "1,2";
			};
			name = Debug;
		};
		FF8401A62CA3CF5400B29875 /* Release */ = {
			isa = XCBuildConfiguration;
			buildSettings = {
				ASSETCATALOG_COMPILER_APPICON_NAME = AppIcon;
				ASSETCATALOG_COMPILER_GLOBAL_ACCENT_COLOR_NAME = AccentColor;
				CODE_SIGN_STYLE = Automatic;
				CURRENT_PROJECT_VERSION = 1;
				DEVELOPMENT_ASSET_PATHS = "\"ClientAgendaRPC/Preview Content\"";
				DEVELOPMENT_TEAM = NTS86MKTBV;
				ENABLE_PREVIEWS = YES;
				GENERATE_INFOPLIST_FILE = YES;
				INFOPLIST_KEY_UIApplicationSceneManifest_Generation = YES;
				INFOPLIST_KEY_UIApplicationSupportsIndirectInputEvents = YES;
				INFOPLIST_KEY_UILaunchScreen_Generation = YES;
				INFOPLIST_KEY_UISupportedInterfaceOrientations_iPad = "UIInterfaceOrientationPortrait UIInterfaceOrientationPortraitUpsideDown UIInterfaceOrientationLandscapeLeft UIInterfaceOrientationLandscapeRight";
				INFOPLIST_KEY_UISupportedInterfaceOrientations_iPhone = "UIInterfaceOrientationPortrait UIInterfaceOrientationLandscapeLeft UIInterfaceOrientationLandscapeRight";
				LD_RUNPATH_SEARCH_PATHS = (
					"$(inherited)",
					"@executable_path/Frameworks",
				);
				MARKETING_VERSION = 1.0;
				PRODUCT_BUNDLE_IDENTIFIER = com.beatrizlds.ClientAgendaRPC;
				PRODUCT_NAME = "$(TARGET_NAME)";
				SWIFT_EMIT_LOC_STRINGS = YES;
				SWIFT_VERSION = 5.0;
				TARGETED_DEVICE_FAMILY = "1,2";
			};
			name = Release;
		};
		FF8401A82CA3CF5400B29875 /* Debug */ = {
			isa = XCBuildConfiguration;
			buildSettings = {
				BUNDLE_LOADER = "$(TEST_HOST)";
				CODE_SIGN_STYLE = Automatic;
				CURRENT_PROJECT_VERSION = 1;
				DEVELOPMENT_TEAM = NTS86MKTBV;
				GENERATE_INFOPLIST_FILE = YES;
				IPHONEOS_DEPLOYMENT_TARGET = 18.0;
				MARKETING_VERSION = 1.0;
				PRODUCT_BUNDLE_IDENTIFIER = com.beatrizlds.ClientAgendaRPCTests;
				PRODUCT_NAME = "$(TARGET_NAME)";
				SWIFT_EMIT_LOC_STRINGS = NO;
				SWIFT_VERSION = 5.0;
				TARGETED_DEVICE_FAMILY = "1,2";
				TEST_HOST = "$(BUILT_PRODUCTS_DIR)/ClientAgendaRPC.app/$(BUNDLE_EXECUTABLE_FOLDER_PATH)/ClientAgendaRPC";
			};
			name = Debug;
		};
		FF8401A92CA3CF5400B29875 /* Release */ = {
			isa = XCBuildConfiguration;
			buildSettings = {
				BUNDLE_LOADER = "$(TEST_HOST)";
				CODE_SIGN_STYLE = Automatic;
				CURRENT_PROJECT_VERSION = 1;
				DEVELOPMENT_TEAM = NTS86MKTBV;
				GENERATE_INFOPLIST_FILE = YES;
				IPHONEOS_DEPLOYMENT_TARGET = 18.0;
				MARKETING_VERSION = 1.0;
				PRODUCT_BUNDLE_IDENTIFIER = com.beatrizlds.ClientAgendaRPCTests;
				PRODUCT_NAME = "$(TARGET_NAME)";
				SWIFT_EMIT_LOC_STRINGS = NO;
				SWIFT_VERSION = 5.0;
				TARGETED_DEVICE_FAMILY = "1,2";
				TEST_HOST = "$(BUILT_PRODUCTS_DIR)/ClientAgendaRPC.app/$(BUNDLE_EXECUTABLE_FOLDER_PATH)/ClientAgendaRPC";
			};
			name = Release;
		};
		FF8401AB2CA3CF5400B29875 /* Debug */ = {
			isa = XCBuildConfiguration;
			buildSettings = {
				CODE_SIGN_STYLE = Automatic;
				CURRENT_PROJECT_VERSION = 1;
				DEVELOPMENT_TEAM = NTS86MKTBV;
				GENERATE_INFOPLIST_FILE = YES;
				MARKETING_VERSION = 1.0;
				PRODUCT_BUNDLE_IDENTIFIER = com.beatrizlds.ClientAgendaRPCUITests;
				PRODUCT_NAME = "$(TARGET_NAME)";
				SWIFT_EMIT_LOC_STRINGS = NO;
				SWIFT_VERSION = 5.0;
				TARGETED_DEVICE_FAMILY = "1,2";
				TEST_TARGET_NAME = ClientAgendaRPC;
			};
			name = Debug;
		};
		FF8401AC2CA3CF5400B29875 /* Release */ = {
			isa = XCBuildConfiguration;
			buildSettings = {
				CODE_SIGN_STYLE = Automatic;
				CURRENT_PROJECT_VERSION = 1;
				DEVELOPMENT_TEAM = NTS86MKTBV;
				GENERATE_INFOPLIST_FILE = YES;
				MARKETING_VERSION = 1.0;
				PRODUCT_BUNDLE_IDENTIFIER = com.beatrizlds.ClientAgendaRPCUITests;
				PRODUCT_NAME = "$(TARGET_NAME)";
				SWIFT_EMIT_LOC_STRINGS = NO;
				SWIFT_VERSION = 5.0;
				TARGETED_DEVICE_FAMILY = "1,2";
				TEST_TARGET_NAME = ClientAgendaRPC;
			};
			name = Release;
		};
/* End XCBuildConfiguration section */

/* Begin XCConfigurationList section */
		FF84017B2CA3CF5200B29875 /* Build configuration list for PBXProject "ClientAgendaRPC" */ = {
			isa = XCConfigurationList;
			buildConfigurations = (
				FF8401A22CA3CF5400B29875 /* Debug */,
				FF8401A32CA3CF5400B29875 /* Release */,
			);
			defaultConfigurationIsVisible = 0;
			defaultConfigurationName = Release;
		};
		FF8401A42CA3CF5400B29875 /* Build configuration list for PBXNativeTarget "ClientAgendaRPC" */ = {
			isa = XCConfigurationList;
			buildConfigurations = (
				FF8401A52CA3CF5400B29875 /* Debug */,
				FF8401A62CA3CF5400B29875 /* Release */,
			);
			defaultConfigurationIsVisible = 0;
			defaultConfigurationName = Release;
		};
		FF8401A72CA3CF5400B29875 /* Build configuration list for PBXNativeTarget "ClientAgendaRPCTests" */ = {
			isa = XCConfigurationList;
			buildConfigurations = (
				FF8401A82CA3CF5400B29875 /* Debug */,
				FF8401A92CA3CF5400B29875 /* Release */,
			);
			defaultConfigurationIsVisible = 0;
			defaultConfigurationName = Release;
		};
		FF8401AA2CA3CF5400B29875 /* Build configuration list for PBXNativeTarget "ClientAgendaRPCUITests" */ = {
			isa = XCConfigurationList;
			buildConfigurations = (
				FF8401AB2CA3CF5400B29875 /* Debug */,
				FF8401AC2CA3CF5400B29875 /* Release */,
			);
			defaultConfigurationIsVisible = 0;
			defaultConfigurationName = Release;
		};
/* End XCConfigurationList section */

/* Begin XCRemoteSwiftPackageReference section */
		FF8401BE2CA3DBAD00B29875 /* XCRemoteSwiftPackageReference "grpc-swift" */ = {
			isa = XCRemoteSwiftPackageReference;
			repositoryURL = "https://github.com/grpc/grpc-swift.git";
			requirement = {
				kind = upToNextMajorVersion;
				minimumVersion = 1.23.1;
			};
		};
/* End XCRemoteSwiftPackageReference section */

/* Begin XCSwiftPackageProductDependency section */
		FF8401BF2CA3DBAD00B29875 /* GRPC */ = {
			isa = XCSwiftPackageProductDependency;
			package = FF8401BE2CA3DBAD00B29875 /* XCRemoteSwiftPackageReference "grpc-swift" */;
			productName = GRPC;
		};
/* End XCSwiftPackageProductDependency section */
	};
	rootObject = FF8401782CA3CF5200B29875 /* Project object */;
}
